// !$*UTF8*$!
{
	archiveVersion = 1;
	classes = {
	};
	objectVersion = 56;
	objects = {

/* Begin PBXBuildFile section */
		845ABC932B8F3D6A00DB1B17 /* NOTES.swift in Sources */ = {isa = PBXBuildFile; fileRef = 845ABC922B8F3D6A00DB1B17 /* NOTES.swift */; };
		849282F02B8C83FB00064503 /* GamepadControlApp.swift in Sources */ = {isa = PBXBuildFile; fileRef = 849282EF2B8C83FB00064503 /* GamepadControlApp.swift */; };
		849282F22B8C83FB00064503 /* ContentView.swift in Sources */ = {isa = PBXBuildFile; fileRef = 849282F12B8C83FB00064503 /* ContentView.swift */; };
		849282F42B8C83FD00064503 /* Assets.xcassets in Resources */ = {isa = PBXBuildFile; fileRef = 849282F32B8C83FD00064503 /* Assets.xcassets */; };
		849282F72B8C83FD00064503 /* Preview Assets.xcassets in Resources */ = {isa = PBXBuildFile; fileRef = 849282F62B8C83FD00064503 /* Preview Assets.xcassets */; };
		BC15E7F12C3B320E00F10A57 /* MixerView.swift in Sources */ = {isa = PBXBuildFile; fileRef = BC15E7F02C3B320E00F10A57 /* MixerView.swift */; };
		BC347E442C50B9810020888C /* PlaygroundViews.swift in Sources */ = {isa = PBXBuildFile; fileRef = BC347E432C50B9810020888C /* PlaygroundViews.swift */; };
		BC3EDA982C3E19C900AE444A /* MainView.swift in Sources */ = {isa = PBXBuildFile; fileRef = BC3EDA972C3E19C900AE444A /* MainView.swift */; };
		BC3EDA9A2C3E289100AE444A /* VisualizerView.swift in Sources */ = {isa = PBXBuildFile; fileRef = BC3EDA992C3E289100AE444A /* VisualizerView.swift */; };
		BC3EDA9D2C3E28FA00AE444A /* SceneToggle.swift in Sources */ = {isa = PBXBuildFile; fileRef = BC3EDA9C2C3E28FA00AE444A /* SceneToggle.swift */; };
		BC3EDA9F2C3E291900AE444A /* ViewsPicker.swift in Sources */ = {isa = PBXBuildFile; fileRef = BC3EDA9E2C3E291900AE444A /* ViewsPicker.swift */; };
		BC3EDAA32C3E2E4000AE444A /* TaskBar.swift in Sources */ = {isa = PBXBuildFile; fileRef = BC3EDAA22C3E2E4000AE444A /* TaskBar.swift */; };
		BC4C0DEE2C3CDE0A00651FE9 /* E4LMonoPanner.swift in Sources */ = {isa = PBXBuildFile; fileRef = BC4C0DED2C3CDE0A00651FE9 /* E4LMonoPanner.swift */; };
		BC8D38C12C7E40BA0035F97D /* AppDelegate.swift in Sources */ = {isa = PBXBuildFile; fileRef = BC8D38C02C7E40BA0035F97D /* AppDelegate.swift */; };
		BC8D38C32C7E417B0035F97D /* MenuBarView.swift in Sources */ = {isa = PBXBuildFile; fileRef = BC8D38C22C7E417B0035F97D /* MenuBarView.swift */; };
		BC8D38C62C7E41B00035F97D /* AudioKit in Frameworks */ = {isa = PBXBuildFile; productRef = BC8D38C52C7E41B00035F97D /* AudioKit */; };
		BC8D38C92C7E41B50035F97D /* OSCKit in Frameworks */ = {isa = PBXBuildFile; productRef = BC8D38C82C7E41B50035F97D /* OSCKit */; };
		BC8D38CB2C7E41B50035F97D /* OSCKitCore in Frameworks */ = {isa = PBXBuildFile; productRef = BC8D38CA2C7E41B50035F97D /* OSCKitCore */; };
		BCD718192C34D108006C3146 /* GamepadManager.swift in Sources */ = {isa = PBXBuildFile; fileRef = BCD718182C34D108006C3146 /* GamepadManager.swift */; };
		BCD7181B2C34D14B006C3146 /* OSCManager.swift in Sources */ = {isa = PBXBuildFile; fileRef = BCD7181A2C34D14B006C3146 /* OSCManager.swift */; };
/* End PBXBuildFile section */

/* Begin PBXFileReference section */
		845ABC922B8F3D6A00DB1B17 /* NOTES.swift */ = {isa = PBXFileReference; lastKnownFileType = sourcecode.swift; path = NOTES.swift; sourceTree = "<group>"; };
		849282EC2B8C83FB00064503 /* GamepadControl.app */ = {isa = PBXFileReference; explicitFileType = wrapper.application; includeInIndex = 0; path = GamepadControl.app; sourceTree = BUILT_PRODUCTS_DIR; };
		849282EF2B8C83FB00064503 /* GamepadControlApp.swift */ = {isa = PBXFileReference; lastKnownFileType = sourcecode.swift; path = GamepadControlApp.swift; sourceTree = "<group>"; };
		849282F12B8C83FB00064503 /* ContentView.swift */ = {isa = PBXFileReference; lastKnownFileType = sourcecode.swift; path = ContentView.swift; sourceTree = "<group>"; };
		849282F32B8C83FD00064503 /* Assets.xcassets */ = {isa = PBXFileReference; lastKnownFileType = folder.assetcatalog; path = Assets.xcassets; sourceTree = "<group>"; };
		849282F62B8C83FD00064503 /* Preview Assets.xcassets */ = {isa = PBXFileReference; lastKnownFileType = folder.assetcatalog; path = "Preview Assets.xcassets"; sourceTree = "<group>"; };
		849282F82B8C83FD00064503 /* GamepadControl.entitlements */ = {isa = PBXFileReference; lastKnownFileType = text.plist.entitlements; path = GamepadControl.entitlements; sourceTree = "<group>"; };
		BC15E7F02C3B320E00F10A57 /* MixerView.swift */ = {isa = PBXFileReference; lastKnownFileType = sourcecode.swift; path = MixerView.swift; sourceTree = "<group>"; };
		BC347E432C50B9810020888C /* PlaygroundViews.swift */ = {isa = PBXFileReference; lastKnownFileType = sourcecode.swift; path = PlaygroundViews.swift; sourceTree = "<group>"; };
		BC3EDA972C3E19C900AE444A /* MainView.swift */ = {isa = PBXFileReference; lastKnownFileType = sourcecode.swift; path = MainView.swift; sourceTree = "<group>"; };
		BC3EDA992C3E289100AE444A /* VisualizerView.swift */ = {isa = PBXFileReference; lastKnownFileType = sourcecode.swift; path = VisualizerView.swift; sourceTree = "<group>"; };
		BC3EDA9C2C3E28FA00AE444A /* SceneToggle.swift */ = {isa = PBXFileReference; lastKnownFileType = sourcecode.swift; path = SceneToggle.swift; sourceTree = "<group>"; };
		BC3EDA9E2C3E291900AE444A /* ViewsPicker.swift */ = {isa = PBXFileReference; lastKnownFileType = sourcecode.swift; path = ViewsPicker.swift; sourceTree = "<group>"; };
		BC3EDAA22C3E2E4000AE444A /* TaskBar.swift */ = {isa = PBXFileReference; lastKnownFileType = sourcecode.swift; path = TaskBar.swift; sourceTree = "<group>"; };
		BC4C0DED2C3CDE0A00651FE9 /* E4LMonoPanner.swift */ = {isa = PBXFileReference; lastKnownFileType = sourcecode.swift; path = E4LMonoPanner.swift; sourceTree = "<group>"; };
		BC8D38C02C7E40BA0035F97D /* AppDelegate.swift */ = {isa = PBXFileReference; lastKnownFileType = sourcecode.swift; path = AppDelegate.swift; sourceTree = "<group>"; };
		BC8D38C22C7E417B0035F97D /* MenuBarView.swift */ = {isa = PBXFileReference; lastKnownFileType = sourcecode.swift; path = MenuBarView.swift; sourceTree = "<group>"; };
		BCD718182C34D108006C3146 /* GamepadManager.swift */ = {isa = PBXFileReference; lastKnownFileType = sourcecode.swift; path = GamepadManager.swift; sourceTree = "<group>"; };
		BCD7181A2C34D14B006C3146 /* OSCManager.swift */ = {isa = PBXFileReference; lastKnownFileType = sourcecode.swift; path = OSCManager.swift; sourceTree = "<group>"; };
		BCF9EB852C473759007B57C1 /* Info.plist */ = {isa = PBXFileReference; lastKnownFileType = text.plist.xml; path = Info.plist; sourceTree = "<group>"; };
/* End PBXFileReference section */

/* Begin PBXFrameworksBuildPhase section */
		849282E92B8C83FB00064503 /* Frameworks */ = {
			isa = PBXFrameworksBuildPhase;
			buildActionMask = 2147483647;
			files = (
				BC8D38C62C7E41B00035F97D /* AudioKit in Frameworks */,
				BC8D38C92C7E41B50035F97D /* OSCKit in Frameworks */,
				BC8D38CB2C7E41B50035F97D /* OSCKitCore in Frameworks */,
			);
			runOnlyForDeploymentPostprocessing = 0;
		};
/* End PBXFrameworksBuildPhase section */

/* Begin PBXGroup section */
		849282E32B8C83FB00064503 = {
			isa = PBXGroup;
			children = (
				849282EE2B8C83FB00064503 /* GamepadControl */,
				849282ED2B8C83FB00064503 /* Products */,
			);
			sourceTree = "<group>";
		};
		849282ED2B8C83FB00064503 /* Products */ = {
			isa = PBXGroup;
			children = (
				849282EC2B8C83FB00064503 /* GamepadControl.app */,
			);
			name = Products;
			sourceTree = "<group>";
		};
		849282EE2B8C83FB00064503 /* GamepadControl */ = {
			isa = PBXGroup;
			children = (
				BCF9EB852C473759007B57C1 /* Info.plist */,
				BC3EDA962C3E196900AE444A /* UI */,
				BC4C0DEC2C3CDDEE00651FE9 /* Maps */,
				BC8D38C02C7E40BA0035F97D /* AppDelegate.swift */,
				849282EF2B8C83FB00064503 /* GamepadControlApp.swift */,
				849282F12B8C83FB00064503 /* ContentView.swift */,
				BCD718182C34D108006C3146 /* GamepadManager.swift */,
				BCD7181A2C34D14B006C3146 /* OSCManager.swift */,
				849282F32B8C83FD00064503 /* Assets.xcassets */,
				849282F82B8C83FD00064503 /* GamepadControl.entitlements */,
				849282F52B8C83FD00064503 /* Preview Content */,
				845ABC922B8F3D6A00DB1B17 /* NOTES.swift */,
				BC15E7F02C3B320E00F10A57 /* MixerView.swift */,
				BC8D38C22C7E417B0035F97D /* MenuBarView.swift */,
			);
			path = GamepadControl;
			sourceTree = "<group>";
		};
		849282F52B8C83FD00064503 /* Preview Content */ = {
			isa = PBXGroup;
			children = (
				849282F62B8C83FD00064503 /* Preview Assets.xcassets */,
			);
			path = "Preview Content";
			sourceTree = "<group>";
		};
		BC3EDA962C3E196900AE444A /* UI */ = {
			isa = PBXGroup;
			children = (
				BC3EDA972C3E19C900AE444A /* MainView.swift */,
				BC3EDAA22C3E2E4000AE444A /* TaskBar.swift */,
				BC3EDA9B2C3E28D200AE444A /* Visualizer */,
				BC347E432C50B9810020888C /* PlaygroundViews.swift */,
			);
			path = UI;
			sourceTree = "<group>";
		};
		BC3EDA9B2C3E28D200AE444A /* Visualizer */ = {
			isa = PBXGroup;
			children = (
				BC3EDA992C3E289100AE444A /* VisualizerView.swift */,
				BC3EDA9C2C3E28FA00AE444A /* SceneToggle.swift */,
				BC3EDA9E2C3E291900AE444A /* ViewsPicker.swift */,
			);
			path = Visualizer;
			sourceTree = "<group>";
		};
		BC4C0DEC2C3CDDEE00651FE9 /* Maps */ = {
			isa = PBXGroup;
			children = (
				BC4C0DED2C3CDE0A00651FE9 /* E4LMonoPanner.swift */,
			);
			path = Maps;
			sourceTree = "<group>";
		};
/* End PBXGroup section */

/* Begin PBXNativeTarget section */
		849282EB2B8C83FB00064503 /* GamepadControl */ = {
			isa = PBXNativeTarget;
			buildConfigurationList = 849282FB2B8C83FD00064503 /* Build configuration list for PBXNativeTarget "GamepadControl" */;
			buildPhases = (
				849282E82B8C83FB00064503 /* Sources */,
				849282E92B8C83FB00064503 /* Frameworks */,
				849282EA2B8C83FB00064503 /* Resources */,
			);
			buildRules = (
			);
			dependencies = (
			);
			name = GamepadControl;
			packageProductDependencies = (
				BC8D38C52C7E41B00035F97D /* AudioKit */,
				BC8D38C82C7E41B50035F97D /* OSCKit */,
				BC8D38CA2C7E41B50035F97D /* OSCKitCore */,
			);
			productName = GamepadControl;
			productReference = 849282EC2B8C83FB00064503 /* GamepadControl.app */;
			productType = "com.apple.product-type.application";
		};
/* End PBXNativeTarget section */

/* Begin PBXProject section */
		849282E42B8C83FB00064503 /* Project object */ = {
			isa = PBXProject;
			attributes = {
				BuildIndependentTargetsInParallel = 1;
				LastSwiftUpdateCheck = 1520;
				LastUpgradeCheck = 1530;
				TargetAttributes = {
					849282EB2B8C83FB00064503 = {
						CreatedOnToolsVersion = 15.2;
					};
				};
			};
			buildConfigurationList = 849282E72B8C83FB00064503 /* Build configuration list for PBXProject "GamepadControl" */;
			compatibilityVersion = "Xcode 14.0";
			developmentRegion = en;
			hasScannedForEncodings = 0;
			knownRegions = (
				en,
				Base,
			);
			mainGroup = 849282E32B8C83FB00064503;
			packageReferences = (
				BC8D38C42C7E41B00035F97D /* XCRemoteSwiftPackageReference "audiokit" */,
				BC8D38C72C7E41B50035F97D /* XCRemoteSwiftPackageReference "OSCKit" */,
			);
			productRefGroup = 849282ED2B8C83FB00064503 /* Products */;
			projectDirPath = "";
			projectRoot = "";
			targets = (
				849282EB2B8C83FB00064503 /* GamepadControl */,
			);
		};
/* End PBXProject section */

/* Begin PBXResourcesBuildPhase section */
		849282EA2B8C83FB00064503 /* Resources */ = {
			isa = PBXResourcesBuildPhase;
			buildActionMask = 2147483647;
			files = (
				849282F72B8C83FD00064503 /* Preview Assets.xcassets in Resources */,
				849282F42B8C83FD00064503 /* Assets.xcassets in Resources */,
			);
			runOnlyForDeploymentPostprocessing = 0;
		};
/* End PBXResourcesBuildPhase section */

/* Begin PBXSourcesBuildPhase section */
		849282E82B8C83FB00064503 /* Sources */ = {
			isa = PBXSourcesBuildPhase;
			buildActionMask = 2147483647;
			files = (
				BC3EDAA32C3E2E4000AE444A /* TaskBar.swift in Sources */,
				849282F22B8C83FB00064503 /* ContentView.swift in Sources */,
				BC3EDA9A2C3E289100AE444A /* VisualizerView.swift in Sources */,
				BC3EDA982C3E19C900AE444A /* MainView.swift in Sources */,
				BC8D38C12C7E40BA0035F97D /* AppDelegate.swift in Sources */,
				BC3EDA9F2C3E291900AE444A /* ViewsPicker.swift in Sources */,
				BCD7181B2C34D14B006C3146 /* OSCManager.swift in Sources */,
				BC15E7F12C3B320E00F10A57 /* MixerView.swift in Sources */,
				BC347E442C50B9810020888C /* PlaygroundViews.swift in Sources */,
				BC8D38C32C7E417B0035F97D /* MenuBarView.swift in Sources */,
				BCD718192C34D108006C3146 /* GamepadManager.swift in Sources */,
				BC3EDA9D2C3E28FA00AE444A /* SceneToggle.swift in Sources */,
				849282F02B8C83FB00064503 /* GamepadControlApp.swift in Sources */,
				BC4C0DEE2C3CDE0A00651FE9 /* E4LMonoPanner.swift in Sources */,
				845ABC932B8F3D6A00DB1B17 /* NOTES.swift in Sources */,
			);
			runOnlyForDeploymentPostprocessing = 0;
		};
/* End PBXSourcesBuildPhase section */

/* Begin XCBuildConfiguration section */
		849282F92B8C83FD00064503 /* Debug */ = {
			isa = XCBuildConfiguration;
			buildSettings = {
				ALWAYS_SEARCH_USER_PATHS = NO;
				ASSETCATALOG_COMPILER_GENERATE_SWIFT_ASSET_SYMBOL_EXTENSIONS = YES;
				CLANG_ANALYZER_NONNULL = YES;
				CLANG_ANALYZER_NUMBER_OBJECT_CONVERSION = YES_AGGRESSIVE;
				CLANG_CXX_LANGUAGE_STANDARD = "gnu++20";
				CLANG_ENABLE_MODULES = YES;
				CLANG_ENABLE_OBJC_ARC = YES;
				CLANG_ENABLE_OBJC_WEAK = YES;
				CLANG_WARN_BLOCK_CAPTURE_AUTORELEASING = YES;
				CLANG_WARN_BOOL_CONVERSION = YES;
				CLANG_WARN_COMMA = YES;
				CLANG_WARN_CONSTANT_CONVERSION = YES;
				CLANG_WARN_DEPRECATED_OBJC_IMPLEMENTATIONS = YES;
				CLANG_WARN_DIRECT_OBJC_ISA_USAGE = YES_ERROR;
				CLANG_WARN_DOCUMENTATION_COMMENTS = YES;
				CLANG_WARN_EMPTY_BODY = YES;
				CLANG_WARN_ENUM_CONVERSION = YES;
				CLANG_WARN_INFINITE_RECURSION = YES;
				CLANG_WARN_INT_CONVERSION = YES;
				CLANG_WARN_NON_LITERAL_NULL_CONVERSION = YES;
				CLANG_WARN_OBJC_IMPLICIT_RETAIN_SELF = YES;
				CLANG_WARN_OBJC_LITERAL_CONVERSION = YES;
				CLANG_WARN_OBJC_ROOT_CLASS = YES_ERROR;
				CLANG_WARN_QUOTED_INCLUDE_IN_FRAMEWORK_HEADER = YES;
				CLANG_WARN_RANGE_LOOP_ANALYSIS = YES;
				CLANG_WARN_STRICT_PROTOTYPES = YES;
				CLANG_WARN_SUSPICIOUS_MOVE = YES;
				CLANG_WARN_UNGUARDED_AVAILABILITY = YES_AGGRESSIVE;
				CLANG_WARN_UNREACHABLE_CODE = YES;
				CLANG_WARN__DUPLICATE_METHOD_MATCH = YES;
				COPY_PHASE_STRIP = NO;
				DEAD_CODE_STRIPPING = YES;
				DEBUG_INFORMATION_FORMAT = dwarf;
				ENABLE_STRICT_OBJC_MSGSEND = YES;
				ENABLE_TESTABILITY = YES;
				ENABLE_USER_SCRIPT_SANDBOXING = YES;
				GCC_C_LANGUAGE_STANDARD = gnu17;
				GCC_DYNAMIC_NO_PIC = NO;
				GCC_NO_COMMON_BLOCKS = YES;
				GCC_OPTIMIZATION_LEVEL = 0;
				GCC_PREPROCESSOR_DEFINITIONS = (
					"DEBUG=1",
					"$(inherited)",
				);
				GCC_WARN_64_TO_32_BIT_CONVERSION = YES;
				GCC_WARN_ABOUT_RETURN_TYPE = YES_ERROR;
				GCC_WARN_UNDECLARED_SELECTOR = YES;
				GCC_WARN_UNINITIALIZED_AUTOS = YES_AGGRESSIVE;
				GCC_WARN_UNUSED_FUNCTION = YES;
				GCC_WARN_UNUSED_VARIABLE = YES;
				LOCALIZATION_PREFERS_STRING_CATALOGS = YES;
				MACOSX_DEPLOYMENT_TARGET = 14.0;
				MTL_ENABLE_DEBUG_INFO = INCLUDE_SOURCE;
				MTL_FAST_MATH = YES;
				ONLY_ACTIVE_ARCH = YES;
				SDKROOT = macosx;
				SWIFT_ACTIVE_COMPILATION_CONDITIONS = "DEBUG $(inherited)";
				SWIFT_OPTIMIZATION_LEVEL = "-Onone";
			};
			name = Debug;
		};
		849282FA2B8C83FD00064503 /* Release */ = {
			isa = XCBuildConfiguration;
			buildSettings = {
				ALWAYS_SEARCH_USER_PATHS = NO;
				ASSETCATALOG_COMPILER_GENERATE_SWIFT_ASSET_SYMBOL_EXTENSIONS = YES;
				CLANG_ANALYZER_NONNULL = YES;
				CLANG_ANALYZER_NUMBER_OBJECT_CONVERSION = YES_AGGRESSIVE;
				CLANG_CXX_LANGUAGE_STANDARD = "gnu++20";
				CLANG_ENABLE_MODULES = YES;
				CLANG_ENABLE_OBJC_ARC = YES;
				CLANG_ENABLE_OBJC_WEAK = YES;
				CLANG_WARN_BLOCK_CAPTURE_AUTORELEASING = YES;
				CLANG_WARN_BOOL_CONVERSION = YES;
				CLANG_WARN_COMMA = YES;
				CLANG_WARN_CONSTANT_CONVERSION = YES;
				CLANG_WARN_DEPRECATED_OBJC_IMPLEMENTATIONS = YES;
				CLANG_WARN_DIRECT_OBJC_ISA_USAGE = YES_ERROR;
				CLANG_WARN_DOCUMENTATION_COMMENTS = YES;
				CLANG_WARN_EMPTY_BODY = YES;
				CLANG_WARN_ENUM_CONVERSION = YES;
				CLANG_WARN_INFINITE_RECURSION = YES;
				CLANG_WARN_INT_CONVERSION = YES;
				CLANG_WARN_NON_LITERAL_NULL_CONVERSION = YES;
				CLANG_WARN_OBJC_IMPLICIT_RETAIN_SELF = YES;
				CLANG_WARN_OBJC_LITERAL_CONVERSION = YES;
				CLANG_WARN_OBJC_ROOT_CLASS = YES_ERROR;
				CLANG_WARN_QUOTED_INCLUDE_IN_FRAMEWORK_HEADER = YES;
				CLANG_WARN_RANGE_LOOP_ANALYSIS = YES;
				CLANG_WARN_STRICT_PROTOTYPES = YES;
				CLANG_WARN_SUSPICIOUS_MOVE = YES;
				CLANG_WARN_UNGUARDED_AVAILABILITY = YES_AGGRESSIVE;
				CLANG_WARN_UNREACHABLE_CODE = YES;
				CLANG_WARN__DUPLICATE_METHOD_MATCH = YES;
				COPY_PHASE_STRIP = NO;
				DEAD_CODE_STRIPPING = YES;
				DEBUG_INFORMATION_FORMAT = "dwarf-with-dsym";
				ENABLE_NS_ASSERTIONS = NO;
				ENABLE_STRICT_OBJC_MSGSEND = YES;
				ENABLE_USER_SCRIPT_SANDBOXING = YES;
				GCC_C_LANGUAGE_STANDARD = gnu17;
				GCC_NO_COMMON_BLOCKS = YES;
				GCC_WARN_64_TO_32_BIT_CONVERSION = YES;
				GCC_WARN_ABOUT_RETURN_TYPE = YES_ERROR;
				GCC_WARN_UNDECLARED_SELECTOR = YES;
				GCC_WARN_UNINITIALIZED_AUTOS = YES_AGGRESSIVE;
				GCC_WARN_UNUSED_FUNCTION = YES;
				GCC_WARN_UNUSED_VARIABLE = YES;
				LOCALIZATION_PREFERS_STRING_CATALOGS = YES;
				MACOSX_DEPLOYMENT_TARGET = 14.0;
				MTL_ENABLE_DEBUG_INFO = NO;
				MTL_FAST_MATH = YES;
				SDKROOT = macosx;
				SWIFT_COMPILATION_MODE = wholemodule;
			};
			name = Release;
		};
		849282FC2B8C83FD00064503 /* Debug */ = {
			isa = XCBuildConfiguration;
			buildSettings = {
				ASSETCATALOG_COMPILER_APPICON_NAME = AppIcon;
				ASSETCATALOG_COMPILER_GLOBAL_ACCENT_COLOR_NAME = AccentColor;
				CODE_SIGN_ENTITLEMENTS = GamepadControl/GamepadControl.entitlements;
				"CODE_SIGN_IDENTITY[sdk=macosx*]" = "Apple Development";
				CODE_SIGN_STYLE = Automatic;
				COMBINE_HIDPI_IMAGES = YES;
				CURRENT_PROJECT_VERSION = 1;
				DEAD_CODE_STRIPPING = YES;
				DEVELOPMENT_ASSET_PATHS = "\"GamepadControl/Preview Content\"";
				DEVELOPMENT_TEAM = 3PX7ZPJGYF;
				ENABLE_HARDENED_RUNTIME = YES;
				ENABLE_PREVIEWS = YES;
				GENERATE_INFOPLIST_FILE = YES;
				INFOPLIST_FILE = GamepadControl/Info.plist;
				INFOPLIST_KEY_CFBundleDisplayName = "Steller Gamepad Control";
				INFOPLIST_KEY_LSApplicationCategoryType = "public.app-category.utilities";
				INFOPLIST_KEY_NSHumanReadableCopyright = "";
				LD_RUNPATH_SEARCH_PATHS = (
					"$(inherited)",
					"@executable_path/../Frameworks",
				);
				MARKETING_VERSION = 1.0;
				PRODUCT_BUNDLE_IDENTIFIER = com.stellartech.GamepadControl;
				PRODUCT_NAME = "$(TARGET_NAME)";
				SWIFT_EMIT_LOC_STRINGS = YES;
				SWIFT_VERSION = 5.0;
			};
			name = Debug;
		};
		849282FD2B8C83FD00064503 /* Release */ = {
			isa = XCBuildConfiguration;
			buildSettings = {
				ASSETCATALOG_COMPILER_APPICON_NAME = AppIcon;
				ASSETCATALOG_COMPILER_GLOBAL_ACCENT_COLOR_NAME = AccentColor;
				CODE_SIGN_ENTITLEMENTS = GamepadControl/GamepadControl.entitlements;
				"CODE_SIGN_IDENTITY[sdk=macosx*]" = "Apple Development";
				CODE_SIGN_STYLE = Automatic;
				COMBINE_HIDPI_IMAGES = YES;
				CURRENT_PROJECT_VERSION = 1;
				DEAD_CODE_STRIPPING = YES;
				DEVELOPMENT_ASSET_PATHS = "\"GamepadControl/Preview Content\"";
				DEVELOPMENT_TEAM = 3PX7ZPJGYF;
				ENABLE_HARDENED_RUNTIME = YES;
				ENABLE_PREVIEWS = YES;
				GENERATE_INFOPLIST_FILE = YES;
				INFOPLIST_FILE = GamepadControl/Info.plist;
				INFOPLIST_KEY_CFBundleDisplayName = "Steller Gamepad Control";
				INFOPLIST_KEY_LSApplicationCategoryType = "public.app-category.utilities";
				INFOPLIST_KEY_NSHumanReadableCopyright = "";
				LD_RUNPATH_SEARCH_PATHS = (
					"$(inherited)",
					"@executable_path/../Frameworks",
				);
				MARKETING_VERSION = 1.0;
				PRODUCT_BUNDLE_IDENTIFIER = com.stellartech.GamepadControl;
				PRODUCT_NAME = "$(TARGET_NAME)";
				SWIFT_EMIT_LOC_STRINGS = YES;
				SWIFT_VERSION = 5.0;
			};
			name = Release;
		};
/* End XCBuildConfiguration section */

/* Begin XCConfigurationList section */
		849282E72B8C83FB00064503 /* Build configuration list for PBXProject "GamepadControl" */ = {
			isa = XCConfigurationList;
			buildConfigurations = (
				849282F92B8C83FD00064503 /* Debug */,
				849282FA2B8C83FD00064503 /* Release */,
			);
			defaultConfigurationIsVisible = 0;
			defaultConfigurationName = Release;
		};
		849282FB2B8C83FD00064503 /* Build configuration list for PBXNativeTarget "GamepadControl" */ = {
			isa = XCConfigurationList;
			buildConfigurations = (
				849282FC2B8C83FD00064503 /* Debug */,
				849282FD2B8C83FD00064503 /* Release */,
			);
			defaultConfigurationIsVisible = 0;
			defaultConfigurationName = Release;
		};
/* End XCConfigurationList section */

/* Begin XCRemoteSwiftPackageReference section */
		BC8D38C42C7E41B00035F97D /* XCRemoteSwiftPackageReference "audiokit" */ = {
			isa = XCRemoteSwiftPackageReference;
			repositoryURL = "https://github.com/audiokit/audiokit/";
			requirement = {
				kind = upToNextMajorVersion;
				minimumVersion = 5.6.4;
			};
		};
		BC8D38C72C7E41B50035F97D /* XCRemoteSwiftPackageReference "OSCKit" */ = {
			isa = XCRemoteSwiftPackageReference;
			repositoryURL = "https://github.com/orchetect/OSCKit";
			requirement = {
				kind = upToNextMajorVersion;
				minimumVersion = 0.5.1;
			};
		};
/* End XCRemoteSwiftPackageReference section */

/* Begin XCSwiftPackageProductDependency section */
		BC8D38C52C7E41B00035F97D /* AudioKit */ = {
			isa = XCSwiftPackageProductDependency;
			package = BC8D38C42C7E41B00035F97D /* XCRemoteSwiftPackageReference "audiokit" */;
			productName = AudioKit;
		};
		BC8D38C82C7E41B50035F97D /* OSCKit */ = {
			isa = XCSwiftPackageProductDependency;
			package = BC8D38C72C7E41B50035F97D /* XCRemoteSwiftPackageReference "OSCKit" */;
			productName = OSCKit;
		};
		BC8D38CA2C7E41B50035F97D /* OSCKitCore */ = {
			isa = XCSwiftPackageProductDependency;
			package = BC8D38C72C7E41B50035F97D /* XCRemoteSwiftPackageReference "OSCKit" */;
			productName = OSCKitCore;
		};
/* End XCSwiftPackageProductDependency section */
	};
	rootObject = 849282E42B8C83FB00064503 /* Project object */;
}
